
Microsoft Visual Studio Solution File, Format Version 12.00
# Visual Studio 2013
VisualStudioVersion = 12.0.40629.0
MinimumVisualStudioVersion = 10.0.40219.1
Project("{8BC9CEB8-8B4A-11D0-8D11-00A0C91BC942}") = "CFLComm", "CFLComm\CFLComm.vcxproj", "{558939CB-1B96-43BA-8DEC-66ABA700FC7E}"
EndProject
Project("{2150E333-8FDC-42A3-9474-1A3956D46DE8}") = "CFLCommImpl", "CFLCommImpl", "{1652E23A-D0DE-472A-98C9-8BD4FAD18546}"
EndProject
Project("{2150E333-8FDC-42A3-9474-1A3956D46DE8}") = "Test", "Test", "{5B05EFB4-CBCD-4D10-9BA0-E1AA31A5CCC5}"
EndProject
Project("{2150E333-8FDC-42A3-9474-1A3956D46DE8}") = "Win32", "Win32", "{EF4CC762-71B7-4B11-A9A6-F1DC406168C7}"
EndProject
Project("{8BC9CEB8-8B4A-11D0-8D11-00A0C91BC942}") = "TestEntry", "Test\Win32\TestEntry\TestEntry.vcxproj", "{C020E8E2-B663-4313-BB55-14886061228A}"
EndProject
Project("{2150E333-8FDC-42A3-9474-1A3956D46DE8}") = "CFLCommInterface", "CFLCommInterface", "{DA05B6E4-83CE-4DEC-AC73-6C80E4C6EBBE}"
EndProject
Project("{2150E333-8FDC-42A3-9474-1A3956D46DE8}") = "Win32", "Win32", "{87C11236-2568-4CEF-87D5-9DA25823F553}"
EndProject
Project("{8BC9CEB8-8B4A-11D0-8D11-00A0C91BC942}") = "CFLCommImpl", "CFLCommImpl\Win32\CFLCommImpl.vcxproj", "{88D97251-A88B-45E1-8695-936F9DC25210}"
EndProject
Project("{2150E333-8FDC-42A3-9474-1A3956D46DE8}") = "Android", "Android", "{112C89A3-653A-4D30-B70D-EA609C947B75}"
EndProject
Project("{8BC9CEB8-8B4A-11D0-8D11-00A0C91BC942}") = "CFLCommImpl", "CFLCommImpl\Android\CFLCommImpl.vcxproj", "{89CEF089-5A9F-4DED-A1BC-D14C3347281D}"
EndProject
Project("{2150E333-8FDC-42A3-9474-1A3956D46DE8}") = "Android", "Android", "{B719951C-F8C4-40AF-9E62-9A3453247D6F}"
EndProject
Project("{8BC9CEB8-8B4A-11D0-8D11-00A0C91BC942}") = "TestEntry", "Test\Android\TestEntry\TestEntry.vcxproj", "{FC49DF86-6755-4D8A-B8E1-03B15C867276}"
EndProject
Project("{8BC9CEB8-8B4A-11D0-8D11-00A0C91BC942}") = "WinUse2", "WinUse2\WinUse2.vcxproj", "{F900DC00-04CB-41C3-B0E2-24AF2BF990D4}"
EndProject
Project("{F184B08F-C81C-45F6-A57F-5ABD9991F28F}") = "TextElement", "Tools\TextElement\TextElement.vbproj", "{E078B36B-9348-4375-8A0A-1A5D36653A04}"
EndProject
Project("{2150E333-8FDC-42A3-9474-1A3956D46DE8}") = "Tools", "Tools", "{D1EEA266-3BD2-479B-B8E8-F75EE2D7DA46}"
EndProject
Project("{8BC9CEB8-8B4A-11D0-8D11-00A0C91BC942}") = "FreeTypeTest", "Tools\FreeTypeTest\FreeTypeTest.vcxproj", "{C0E2F3CC-D3C3-4380-88A3-4C4A2E822D34}"
EndProject
Project("{2150E333-8FDC-42A3-9474-1A3956D46DE8}") = "Solution Items", "Solution Items", "{F13B8E69-2FF7-4D7F-869C-861026C3DF8D}"
	ProjectSection(SolutionItems) = preProject
		Performance1.psess = Performance1.psess
	EndProjectSection
EndProject
Global
	GlobalSection(SolutionConfigurationPlatforms) = preSolution
		CLR|Any CPU = CLR|Any CPU
		CLR|Mixed Platforms = CLR|Mixed Platforms
		CLR|Win32 = CLR|Win32
		Debug|Any CPU = Debug|Any CPU
		Debug|Mixed Platforms = Debug|Mixed Platforms
		Debug|Win32 = Debug|Win32
		Release|Any CPU = Release|Any CPU
		Release|Mixed Platforms = Release|Mixed Platforms
		Release|Win32 = Release|Win32
	EndGlobalSection
	GlobalSection(ProjectConfigurationPlatforms) = postSolution
		{558939CB-1B96-43BA-8DEC-66ABA700FC7E}.CLR|Any CPU.ActiveCfg = Release|Win32
		{558939CB-1B96-43BA-8DEC-66ABA700FC7E}.CLR|Mixed Platforms.ActiveCfg = Release|Win32
		{558939CB-1B96-43BA-8DEC-66ABA700FC7E}.CLR|Mixed Platforms.Build.0 = Release|Win32
		{558939CB-1B96-43BA-8DEC-66ABA700FC7E}.CLR|Win32.ActiveCfg = Debug|Win32
		{558939CB-1B96-43BA-8DEC-66ABA700FC7E}.CLR|Win32.Build.0 = Debug|Win32
		{558939CB-1B96-43BA-8DEC-66ABA700FC7E}.Debug|Any CPU.ActiveCfg = Debug|Win32
		{558939CB-1B96-43BA-8DEC-66ABA700FC7E}.Debug|Mixed Platforms.ActiveCfg = Debug|Win32
		{558939CB-1B96-43BA-8DEC-66ABA700FC7E}.Debug|Mixed Platforms.Build.0 = Debug|Win32
		{558939CB-1B96-43BA-8DEC-66ABA700FC7E}.Debug|Win32.ActiveCfg = Debug|Win32
		{558939CB-1B96-43BA-8DEC-66ABA700FC7E}.Debug|Win32.Build.0 = Debug|Win32
		{558939CB-1B96-43BA-8DEC-66ABA700FC7E}.Release|Any CPU.ActiveCfg = Release|Win32
		{558939CB-1B96-43BA-8DEC-66ABA700FC7E}.Release|Mixed Platforms.ActiveCfg = Release|Win32
		{558939CB-1B96-43BA-8DEC-66ABA700FC7E}.Release|Mixed Platforms.Build.0 = Release|Win32
		{558939CB-1B96-43BA-8DEC-66ABA700FC7E}.Release|Win32.ActiveCfg = Release|Win32
		{558939CB-1B96-43BA-8DEC-66ABA700FC7E}.Release|Win32.Build.0 = Release|Win32
		{C020E8E2-B663-4313-BB55-14886061228A}.CLR|Any CPU.ActiveCfg = CLR|Win32
		{C020E8E2-B663-4313-BB55-14886061228A}.CLR|Mixed Platforms.ActiveCfg = CLR|Win32
		{C020E8E2-B663-4313-BB55-14886061228A}.CLR|Mixed Platforms.Build.0 = CLR|Win32
		{C020E8E2-B663-4313-BB55-14886061228A}.CLR|Win32.ActiveCfg = CLR|Win32
		{C020E8E2-B663-4313-BB55-14886061228A}.CLR|Win32.Build.0 = CLR|Win32
		{C020E8E2-B663-4313-BB55-14886061228A}.Debug|Any CPU.ActiveCfg = Debug|Win32
		{C020E8E2-B663-4313-BB55-14886061228A}.Debug|Mixed Platforms.ActiveCfg = Debug|Win32
		{C020E8E2-B663-4313-BB55-14886061228A}.Debug|Mixed Platforms.Build.0 = Debug|Win32
		{C020E8E2-B663-4313-BB55-14886061228A}.Debug|Win32.ActiveCfg = Debug|Win32
		{C020E8E2-B663-4313-BB55-14886061228A}.Debug|Win32.Build.0 = Debug|Win32
		{C020E8E2-B663-4313-BB55-14886061228A}.Release|Any CPU.ActiveCfg = Release|Win32
		{C020E8E2-B663-4313-BB55-14886061228A}.Release|Mixed Platforms.ActiveCfg = Release|Win32
		{C020E8E2-B663-4313-BB55-14886061228A}.Release|Mixed Platforms.Build.0 = Release|Win32
		{C020E8E2-B663-4313-BB55-14886061228A}.Release|Win32.ActiveCfg = Release|Win32
		{C020E8E2-B663-4313-BB55-14886061228A}.Release|Win32.Build.0 = Release|Win32
		{88D97251-A88B-45E1-8695-936F9DC25210}.CLR|Any CPU.ActiveCfg = Release|Win32
		{88D97251-A88B-45E1-8695-936F9DC25210}.CLR|Mixed Platforms.ActiveCfg = Release|Win32
		{88D97251-A88B-45E1-8695-936F9DC25210}.CLR|Mixed Platforms.Build.0 = Release|Win32
		{88D97251-A88B-45E1-8695-936F9DC25210}.CLR|Win32.ActiveCfg = Debug|Win32
		{88D97251-A88B-45E1-8695-936F9DC25210}.CLR|Win32.Build.0 = Debug|Win32
		{88D97251-A88B-45E1-8695-936F9DC25210}.Debug|Any CPU.ActiveCfg = Debug|Win32
		{88D97251-A88B-45E1-8695-936F9DC25210}.Debug|Mixed Platforms.ActiveCfg = Debug|Win32
		{88D97251-A88B-45E1-8695-936F9DC25210}.Debug|Mixed Platforms.Build.0 = Debug|Win32
		{88D97251-A88B-45E1-8695-936F9DC25210}.Debug|Win32.ActiveCfg = Debug|Win32
		{88D97251-A88B-45E1-8695-936F9DC25210}.Debug|Win32.Build.0 = Debug|Win32
		{88D97251-A88B-45E1-8695-936F9DC25210}.Release|Any CPU.ActiveCfg = Release|Win32
		{88D97251-A88B-45E1-8695-936F9DC25210}.Release|Mixed Platforms.ActiveCfg = Release|Win32
		{88D97251-A88B-45E1-8695-936F9DC25210}.Release|Mixed Platforms.Build.0 = Release|Win32
		{88D97251-A88B-45E1-8695-936F9DC25210}.Release|Win32.ActiveCfg = Release|Win32
		{88D97251-A88B-45E1-8695-936F9DC25210}.Release|Win32.Build.0 = Release|Win32
		{89CEF089-5A9F-4DED-A1BC-D14C3347281D}.CLR|Any CPU.ActiveCfg = Release|Win32
		{89CEF089-5A9F-4DED-A1BC-D14C3347281D}.CLR|Mixed Platforms.ActiveCfg = Release|Win32
		{89CEF089-5A9F-4DED-A1BC-D14C3347281D}.CLR|Mixed Platforms.Build.0 = Release|Win32
		{89CEF089-5A9F-4DED-A1BC-D14C3347281D}.CLR|Win32.ActiveCfg = Debug|Win32
		{89CEF089-5A9F-4DED-A1BC-D14C3347281D}.CLR|Win32.Build.0 = Debug|Win32
		{89CEF089-5A9F-4DED-A1BC-D14C3347281D}.Debug|Any CPU.ActiveCfg = Debug|Win32
		{89CEF089-5A9F-4DED-A1BC-D14C3347281D}.Debug|Mixed Platforms.ActiveCfg = Debug|Win32
		{89CEF089-5A9F-4DED-A1BC-D14C3347281D}.Debug|Mixed Platforms.Build.0 = Debug|Win32
		{89CEF089-5A9F-4DED-A1BC-D14C3347281D}.Debug|Win32.ActiveCfg = Debug|Win32
		{89CEF089-5A9F-4DED-A1BC-D14C3347281D}.Debug|Win32.Build.0 = Debug|Win32
		{89CEF089-5A9F-4DED-A1BC-D14C3347281D}.Release|Any CPU.ActiveCfg = Release|Win32
		{89CEF089-5A9F-4DED-A1BC-D14C3347281D}.Release|Mixed Platforms.ActiveCfg = Release|Win32
		{89CEF089-5A9F-4DED-A1BC-D14C3347281D}.Release|Mixed Platforms.Build.0 = Release|Win32
		{89CEF089-5A9F-4DED-A1BC-D14C3347281D}.Release|Win32.ActiveCfg = Release|Win32
		{89CEF089-5A9F-4DED-A1BC-D14C3347281D}.Release|Win32.Build.0 = Release|Win32
		{FC49DF86-6755-4D8A-B8E1-03B15C867276}.CLR|Any CPU.ActiveCfg = Release|Win32
		{FC49DF86-6755-4D8A-B8E1-03B15C867276}.CLR|Mixed Platforms.ActiveCfg = Release|Win32
		{FC49DF86-6755-4D8A-B8E1-03B15C867276}.CLR|Mixed Platforms.Build.0 = Release|Win32
		{FC49DF86-6755-4D8A-B8E1-03B15C867276}.CLR|Win32.ActiveCfg = Debug|Win32
		{FC49DF86-6755-4D8A-B8E1-03B15C867276}.CLR|Win32.Build.0 = Debug|Win32
		{FC49DF86-6755-4D8A-B8E1-03B15C867276}.Debug|Any CPU.ActiveCfg = Debug|Win32
		{FC49DF86-6755-4D8A-B8E1-03B15C867276}.Debug|Mixed Platforms.ActiveCfg = Debug|Win32
		{FC49DF86-6755-4D8A-B8E1-03B15C867276}.Debug|Mixed Platforms.Build.0 = Debug|Win32
		{FC49DF86-6755-4D8A-B8E1-03B15C867276}.Debug|Win32.ActiveCfg = Debug|Win32
		{FC49DF86-6755-4D8A-B8E1-03B15C867276}.Debug|Win32.Build.0 = Debug|Win32
		{FC49DF86-6755-4D8A-B8E1-03B15C867276}.Release|Any CPU.ActiveCfg = Release|Win32
		{FC49DF86-6755-4D8A-B8E1-03B15C867276}.Release|Mixed Platforms.ActiveCfg = Release|Win32
		{FC49DF86-6755-4D8A-B8E1-03B15C867276}.Release|Mixed Platforms.Build.0 = Release|Win32
		{FC49DF86-6755-4D8A-B8E1-03B15C867276}.Release|Win32.ActiveCfg = Release|Win32
		{FC49DF86-6755-4D8A-B8E1-03B15C867276}.Release|Win32.Build.0 = Release|Win32
		{F900DC00-04CB-41C3-B0E2-24AF2BF990D4}.CLR|Any CPU.ActiveCfg = Release|Win32
		{F900DC00-04CB-41C3-B0E2-24AF2BF990D4}.CLR|Mixed Platforms.ActiveCfg = Release|Win32
		{F900DC00-04CB-41C3-B0E2-24AF2BF990D4}.CLR|Mixed Platforms.Build.0 = Release|Win32
		{F900DC00-04CB-41C3-B0E2-24AF2BF990D4}.CLR|Win32.ActiveCfg = Debug|Win32
		{F900DC00-04CB-41C3-B0E2-24AF2BF990D4}.CLR|Win32.Build.0 = Debug|Win32
		{F900DC00-04CB-41C3-B0E2-24AF2BF990D4}.Debug|Any CPU.ActiveCfg = Debug|Win32
		{F900DC00-04CB-41C3-B0E2-24AF2BF990D4}.Debug|Mixed Platforms.ActiveCfg = Debug|Win32
		{F900DC00-04CB-41C3-B0E2-24AF2BF990D4}.Debug|Mixed Platforms.Build.0 = Debug|Win32
		{F900DC00-04CB-41C3-B0E2-24AF2BF990D4}.Debug|Win32.ActiveCfg = Debug|Win32
		{F900DC00-04CB-41C3-B0E2-24AF2BF990D4}.Debug|Win32.Build.0 = Debug|Win32
		{F900DC00-04CB-41C3-B0E2-24AF2BF990D4}.Release|Any CPU.ActiveCfg = Release|Win32
		{F900DC00-04CB-41C3-B0E2-24AF2BF990D4}.Release|Mixed Platforms.ActiveCfg = Release|Win32
		{F900DC00-04CB-41C3-B0E2-24AF2BF990D4}.Release|Mixed Platforms.Build.0 = Release|Win32
		{F900DC00-04CB-41C3-B0E2-24AF2BF990D4}.Release|Win32.ActiveCfg = Release|Win32
		{F900DC00-04CB-41C3-B0E2-24AF2BF990D4}.Release|Win32.Build.0 = Release|Win32
		{E078B36B-9348-4375-8A0A-1A5D36653A04}.CLR|Any CPU.ActiveCfg = Release|Any CPU
		{E078B36B-9348-4375-8A0A-1A5D36653A04}.CLR|Any CPU.Build.0 = Release|Any CPU
		{E078B36B-9348-4375-8A0A-1A5D36653A04}.CLR|Mixed Platforms.ActiveCfg = Release|Any CPU
		{E078B36B-9348-4375-8A0A-1A5D36653A04}.CLR|Mixed Platforms.Build.0 = Release|Any CPU
		{E078B36B-9348-4375-8A0A-1A5D36653A04}.CLR|Win32.ActiveCfg = Release|Any CPU
		{E078B36B-9348-4375-8A0A-1A5D36653A04}.Debug|Any CPU.ActiveCfg = Debug|Any CPU
		{E078B36B-9348-4375-8A0A-1A5D36653A04}.Debug|Any CPU.Build.0 = Debug|Any CPU
		{E078B36B-9348-4375-8A0A-1A5D36653A04}.Debug|Mixed Platforms.ActiveCfg = Debug|Any CPU
		{E078B36B-9348-4375-8A0A-1A5D36653A04}.Debug|Mixed Platforms.Build.0 = Debug|Any CPU
		{E078B36B-9348-4375-8A0A-1A5D36653A04}.Debug|Win32.ActiveCfg = Debug|Any CPU
		{E078B36B-9348-4375-8A0A-1A5D36653A04}.Release|Any CPU.ActiveCfg = Release|Any CPU
		{E078B36B-9348-4375-8A0A-1A5D36653A04}.Release|Any CPU.Build.0 = Release|Any CPU
		{E078B36B-9348-4375-8A0A-1A5D36653A04}.Release|Mixed Platforms.ActiveCfg = Release|Any CPU
		{E078B36B-9348-4375-8A0A-1A5D36653A04}.Release|Mixed Platforms.Build.0 = Release|Any CPU
		{E078B36B-9348-4375-8A0A-1A5D36653A04}.Release|Win32.ActiveCfg = Release|Any CPU
		{C0E2F3CC-D3C3-4380-88A3-4C4A2E822D34}.CLR|Any CPU.ActiveCfg = Release|Win32
		{C0E2F3CC-D3C3-4380-88A3-4C4A2E822D34}.CLR|Mixed Platforms.ActiveCfg = Release|Win32
		{C0E2F3CC-D3C3-4380-88A3-4C4A2E822D34}.CLR|Mixed Platforms.Build.0 = Release|Win32
		{C0E2F3CC-D3C3-4380-88A3-4C4A2E822D34}.CLR|Win32.ActiveCfg = Release|Win32
		{C0E2F3CC-D3C3-4380-88A3-4C4A2E822D34}.CLR|Win32.Build.0 = Release|Win32
		{C0E2F3CC-D3C3-4380-88A3-4C4A2E822D34}.Debug|Any CPU.ActiveCfg = Debug|Win32
		{C0E2F3CC-D3C3-4380-88A3-4C4A2E822D34}.Debug|Mixed Platforms.ActiveCfg = Debug|Win32
		{C0E2F3CC-D3C3-4380-88A3-4C4A2E822D34}.Debug|Mixed Platforms.Build.0 = Debug|Win32
		{C0E2F3CC-D3C3-4380-88A3-4C4A2E822D34}.Debug|Win32.ActiveCfg = Debug|Win32
		{C0E2F3CC-D3C3-4380-88A3-4C4A2E822D34}.Debug|Win32.Build.0 = Debug|Win32
		{C0E2F3CC-D3C3-4380-88A3-4C4A2E822D34}.Release|Any CPU.ActiveCfg = Release|Win32
		{C0E2F3CC-D3C3-4380-88A3-4C4A2E822D34}.Release|Mixed Platforms.ActiveCfg = Release|Win32
		{C0E2F3CC-D3C3-4380-88A3-4C4A2E822D34}.Release|Mixed Platforms.Build.0 = Release|Win32
		{C0E2F3CC-D3C3-4380-88A3-4C4A2E822D34}.Release|Win32.ActiveCfg = Release|Win32
		{C0E2F3CC-D3C3-4380-88A3-4C4A2E822D34}.Release|Win32.Build.0 = Release|Win32
	EndGlobalSection
	GlobalSection(SolutionProperties) = preSolution
		HideSolutionNode = FALSE
	EndGlobalSection
	GlobalSection(NestedProjects) = preSolution
		{558939CB-1B96-43BA-8DEC-66ABA700FC7E} = {DA05B6E4-83CE-4DEC-AC73-6C80E4C6EBBE}
		{EF4CC762-71B7-4B11-A9A6-F1DC406168C7} = {5B05EFB4-CBCD-4D10-9BA0-E1AA31A5CCC5}
		{C020E8E2-B663-4313-BB55-14886061228A} = {EF4CC762-71B7-4B11-A9A6-F1DC406168C7}
		{87C11236-2568-4CEF-87D5-9DA25823F553} = {1652E23A-D0DE-472A-98C9-8BD4FAD18546}
		{88D97251-A88B-45E1-8695-936F9DC25210} = {87C11236-2568-4CEF-87D5-9DA25823F553}
		{112C89A3-653A-4D30-B70D-EA609C947B75} = {1652E23A-D0DE-472A-98C9-8BD4FAD18546}
		{89CEF089-5A9F-4DED-A1BC-D14C3347281D} = {112C89A3-653A-4D30-B70D-EA609C947B75}
		{B719951C-F8C4-40AF-9E62-9A3453247D6F} = {5B05EFB4-CBCD-4D10-9BA0-E1AA31A5CCC5}
		{FC49DF86-6755-4D8A-B8E1-03B15C867276} = {B719951C-F8C4-40AF-9E62-9A3453247D6F}
		{E078B36B-9348-4375-8A0A-1A5D36653A04} = {D1EEA266-3BD2-479B-B8E8-F75EE2D7DA46}
		{C0E2F3CC-D3C3-4380-88A3-4C4A2E822D34} = {D1EEA266-3BD2-479B-B8E8-F75EE2D7DA46}
	EndGlobalSection
	GlobalSection(Performance) = preSolution
		HasPerformanceSessions = true
	EndGlobalSection
EndGlobal
