<?xml version="1.0" encoding="utf-8"?>
<Project ToolsVersion="4.0" xmlns="http://schemas.microsoft.com/developer/msbuild/2003">
  <ItemGroup>
    <Filter Include="源文件">
      <UniqueIdentifier>{4FC737F1-C7A5-4376-A066-2A32D752A2FF}</UniqueIdentifier>
      <Extensions>cpp;c;cc;cxx;def;odl;idl;hpj;bat;asm;asmx</Extensions>
    </Filter>
    <Filter Include="头文件">
      <UniqueIdentifier>{93995380-89BD-4b04-88EB-625FBE52EBFB}</UniqueIdentifier>
      <Extensions>h;hh;hpp;hxx;hm;inl;inc;xsd</Extensions>
    </Filter>
    <Filter Include="资源文件">
      <UniqueIdentifier>{67DA6AB6-F800-4c08-8B7A-83BB121AAD01}</UniqueIdentifier>
      <Extensions>rc;ico;cur;bmp;dlg;rc2;rct;bin;rgs;gif;jpg;jpeg;jpe;resx;tiff;tif;png;wav;mfcribbon-ms</Extensions>
    </Filter>
    <Filter Include="源文件\render">
      <UniqueIdentifier>{15211662-6b65-4720-84aa-6f2eac251909}</UniqueIdentifier>
    </Filter>
    <Filter Include="源文件\input">
      <UniqueIdentifier>{b0f5746e-c3dd-4b26-b958-053b2c45c96e}</UniqueIdentifier>
    </Filter>
  </ItemGroup>
  <ItemGroup>
    <Text Include="readme.txt" />
  </ItemGroup>
  <ItemGroup>
    <None Include="jni\Android.mk" />
    <None Include="jni\Application.mk" />
  </ItemGroup>
  <ItemGroup>
    <ClCompile Include="CFLEntry.cpp">
      <Filter>源文件</Filter>
    </ClCompile>
    <ClCompile Include="CFLFile.cpp">
      <Filter>源文件</Filter>
    </ClCompile>
    <ClCompile Include="jnitool.cpp">
      <Filter>源文件</Filter>
    </ClCompile>
    <ClCompile Include="CFLAndroidMainLoopThread.cpp">
      <Filter>源文件</Filter>
    </ClCompile>
    <ClCompile Include="..\CommSrc\CFLThreadTasks.cpp">
      <Filter>源文件</Filter>
    </ClCompile>
    <ClCompile Include="..\CommSrc\CFLBinaryCache.cpp">
      <Filter>源文件</Filter>
    </ClCompile>
    <ClCompile Include="..\CommSrc\CFLString.cpp">
      <Filter>源文件</Filter>
    </ClCompile>
    <ClCompile Include="..\CommSrc\CFLGraphic.cpp">
      <Filter>源文件</Filter>
    </ClCompile>
    <ClCompile Include="..\CommSrc\CFLGLObj.cpp">
      <Filter>源文件\render</Filter>
    </ClCompile>
    <ClCompile Include="..\CommSrc\CFLGLObjCollection.cpp">
      <Filter>源文件\render</Filter>
    </ClCompile>
    <ClCompile Include="..\CommSrc\CFLGLProgram.cpp">
      <Filter>源文件\render</Filter>
    </ClCompile>
    <ClCompile Include="..\CommSrc\CFLShader.cpp">
      <Filter>源文件\render</Filter>
    </ClCompile>
    <ClCompile Include="..\CommSrc\CFLDrawCommand.cpp">
      <Filter>源文件</Filter>
    </ClCompile>
    <ClCompile Include="CFLFileStream.cpp">
      <Filter>源文件</Filter>
    </ClCompile>
    <ClCompile Include="CFLInput.cpp">
      <Filter>源文件\input</Filter>
    </ClCompile>
  </ItemGroup>
  <ItemGroup>
    <ClInclude Include="jnitool.h">
      <Filter>头文件</Filter>
    </ClInclude>
    <ClInclude Include="CFLAndroidMainLoopThread.h">
      <Filter>头文件</Filter>
    </ClInclude>
    <ClInclude Include="..\CommSrc\xxhash\xxhash.h">
      <Filter>头文件</Filter>
    </ClInclude>
    <ClInclude Include="AndroidInput.h">
      <Filter>头文件</Filter>
    </ClInclude>
  </ItemGroup>
</Project>